
Microsoft Visual Studio Solution File, Format Version 12.00
# Visual Studio Version 16
VisualStudioVersion = 16.0.30907.101
MinimumVisualStudioVersion = 10.0.40219.1
Project("{FAE04EC0-301F-11D3-BF4B-00C04F79EFBC}") = "ClassMetotDemo", "ClassMetotDemo\ClassMetotDemo.csproj", "{EC3D2DF7-0A93-43E4-BFA7-F573AF5845EC}"
EndProject
Global
	GlobalSection(SolutionConfigurationPlatforms) = preSolution
		Debug|Any CPU = Debug|Any CPU
		Release|Any CPU = Release|Any CPU
	EndGlobalSection
	GlobalSection(ProjectConfigurationPlatforms) = postSolution
		{EC3D2DF7-0A93-43E4-BFA7-F573AF5845EC}.Debug|Any CPU.ActiveCfg = Debug|Any CPU
		{EC3D2DF7-0A93-43E4-BFA7-F573AF5845EC}.Debug|Any CPU.Build.0 = Debug|Any CPU
		{EC3D2DF7-0A93-43E4-BFA7-F573AF5845EC}.Release|Any CPU.ActiveCfg = Release|Any CPU
		{EC3D2DF7-0A93-43E4-BFA7-F573AF5845EC}.Release|Any CPU.Build.0 = Release|Any CPU
	EndGlobalSection
	GlobalSection(SolutionProperties) = preSolution
		HideSolutionNode = FALSE
	EndGlobalSection
	GlobalSection(ExtensibilityGlobals) = postSolution
		SolutionGuid = {42CB1239-F005-4992-8A92-8189A4753127}
	EndGlobalSection
EndGlobal
